
Microsoft Visual Studio Solution File, Format Version 12.00
# Visual Studio 14
VisualStudioVersion = 14.0.25420.1
MinimumVisualStudioVersion = 10.0.40219.1
Project("{FAE04EC0-301F-11D3-BF4B-00C04F79EFBC}") = "WM.Register", "WM.Register\WM.Register.csproj", "{6CAAE6ED-196A-4E72-B478-412F151F3EE5}"
EndProject
Global
	GlobalSection(SolutionConfigurationPlatforms) = preSolution
		Debug|Any CPU = Debug|Any CPU
		Release|Any CPU = Release|Any CPU
	EndGlobalSection
	GlobalSection(ProjectConfigurationPlatforms) = postSolution
		{6CAAE6ED-196A-4E72-B478-412F151F3EE5}.Debug|Any CPU.ActiveCfg = Debug|Any CPU
		{6CAAE6ED-196A-4E72-B478-412F151F3EE5}.Debug|Any CPU.Build.0 = Debug|Any CPU
		{6CAAE6ED-196A-4E72-B478-412F151F3EE5}.Release|Any CPU.ActiveCfg = Release|Any CPU
		{6CAAE6ED-196A-4E72-B478-412F151F3EE5}.Release|Any CPU.Build.0 = Release|Any CPU
	EndGlobalSection
	GlobalSection(SolutionProperties) = preSolution
		HideSolutionNode = FALSE
	EndGlobalSection
EndGlobal
